
Microsoft Visual Studio Solution File, Format Version 12.00
Project("{FAE04EC0-301F-11D3-BF4B-00C04F79EFBC}") = "SafeVault", "SafeVault\SafeVault.csproj", "{20B523A4-2BCE-43F0-8AB7-29171B4F59B7}"
EndProject
Project("{FAE04EC0-301F-11D3-BF4B-00C04F79EFBC}") = "SafeVault.Tests", "SafeVault.Tests\SafeVault.Tests.csproj", "{684C04D5-6F20-4E19-B1E3-22C83EF1070C}"
EndProject
Global
	GlobalSection(SolutionConfigurationPlatforms) = preSolution
		Debug|Any CPU = Debug|Any CPU
		Release|Any CPU = Release|Any CPU
	EndGlobalSection
	GlobalSection(ProjectConfigurationPlatforms) = postSolution
		{20B523A4-2BCE-43F0-8AB7-29171B4F59B7}.Debug|Any CPU.ActiveCfg = Debug|Any CPU
		{20B523A4-2BCE-43F0-8AB7-29171B4F59B7}.Debug|Any CPU.Build.0 = Debug|Any CPU
		{20B523A4-2BCE-43F0-8AB7-29171B4F59B7}.Release|Any CPU.ActiveCfg = Release|Any CPU
		{20B523A4-2BCE-43F0-8AB7-29171B4F59B7}.Release|Any CPU.Build.0 = Release|Any CPU
		{684C04D5-6F20-4E19-B1E3-22C83EF1070C}.Debug|Any CPU.ActiveCfg = Debug|Any CPU
		{684C04D5-6F20-4E19-B1E3-22C83EF1070C}.Debug|Any CPU.Build.0 = Debug|Any CPU
		{684C04D5-6F20-4E19-B1E3-22C83EF1070C}.Release|Any CPU.ActiveCfg = Release|Any CPU
		{684C04D5-6F20-4E19-B1E3-22C83EF1070C}.Release|Any CPU.Build.0 = Release|Any CPU
	EndGlobalSection
EndGlobal
